
Microsoft Visual Studio Solution File, Format Version 12.00
# Visual Studio Version 17
VisualStudioVersion = 17.10.35013.160
MinimumVisualStudioVersion = 10.0.40219.1
Project("{FAE04EC0-301F-11D3-BF4B-00C04F79EFBC}") = "newproj", "newproj\newproj.csproj", "{1143EE82-6B6E-4C0D-9FEA-286A8484847A}"
EndProject
Project("{2150E333-8FDC-42A3-9474-1A3956D46DE8}") = "DevExtreme NuGet.config", "DevExtreme NuGet.config", "{7B3EE3A9-9C6C-48C1-8B12-28E167B30253}"
	ProjectSection(SolutionItems) = preProject
		NuGet.config = NuGet.config
	EndProjectSection
EndProject
Global
	GlobalSection(SolutionConfigurationPlatforms) = preSolution
		Debug|Any CPU = Debug|Any CPU
		Release|Any CPU = Release|Any CPU
	EndGlobalSection
	GlobalSection(ProjectConfigurationPlatforms) = postSolution
		{1143EE82-6B6E-4C0D-9FEA-286A8484847A}.Debug|Any CPU.ActiveCfg = Debug|Any CPU
		{1143EE82-6B6E-4C0D-9FEA-286A8484847A}.Debug|Any CPU.Build.0 = Debug|Any CPU
		{1143EE82-6B6E-4C0D-9FEA-286A8484847A}.Release|Any CPU.ActiveCfg = Release|Any CPU
		{1143EE82-6B6E-4C0D-9FEA-286A8484847A}.Release|Any CPU.Build.0 = Release|Any CPU
	EndGlobalSection
	GlobalSection(SolutionProperties) = preSolution
		HideSolutionNode = FALSE
	EndGlobalSection
	GlobalSection(ExtensibilityGlobals) = postSolution
		SolutionGuid = {BD02643E-C47E-4B6A-A464-1A2F94C9541C}
	EndGlobalSection
EndGlobal
